
Microsoft Visual Studio Solution File, Format Version 12.00
# Visual Studio 15
VisualStudioVersion = 15.0.28010.2003
MinimumVisualStudioVersion = 10.0.40219.1
Project("{9A19103F-16F7-4668-BE54-9A1E7A4F7556}") = "web", "web\web.csproj", "{53643C9D-A7F1-4F1B-A099-1ACFBD1C9E45}"
EndProject
Project("{E24C65DC-7377-472B-9ABA-BC803B73C61A}") = "admin-lte", "..\..\bower_components\admin-lte\", "{F8B0B6D1-3C3F-476E-AC1D-4DEDE8D8CC0D}"
	ProjectSection(WebsiteProperties) = preProject
		TargetFrameworkMoniker = ".NETFramework,Version%3Dv4.0"
		Debug.AspNetCompiler.VirtualPath = "/localhost_26094"
		Debug.AspNetCompiler.PhysicalPath = "..\..\bower_components\admin-lte\"
		Debug.AspNetCompiler.TargetPath = "PrecompiledWeb\localhost_26094\"
		Debug.AspNetCompiler.Updateable = "true"
		Debug.AspNetCompiler.ForceOverwrite = "true"
		Debug.AspNetCompiler.FixedNames = "false"
		Debug.AspNetCompiler.Debug = "True"
		Release.AspNetCompiler.VirtualPath = "/localhost_26094"
		Release.AspNetCompiler.PhysicalPath = "..\..\bower_components\admin-lte\"
		Release.AspNetCompiler.TargetPath = "PrecompiledWeb\localhost_26094\"
		Release.AspNetCompiler.Updateable = "true"
		Release.AspNetCompiler.ForceOverwrite = "true"
		Release.AspNetCompiler.FixedNames = "false"
		Release.AspNetCompiler.Debug = "False"
		VWDPort = "26094"
	EndProjectSection
EndProject
Global
	GlobalSection(SolutionConfigurationPlatforms) = preSolution
		Debug|Any CPU = Debug|Any CPU
		Release|Any CPU = Release|Any CPU
	EndGlobalSection
	GlobalSection(ProjectConfigurationPlatforms) = postSolution
		{53643C9D-A7F1-4F1B-A099-1ACFBD1C9E45}.Debug|Any CPU.ActiveCfg = Debug|Any CPU
		{53643C9D-A7F1-4F1B-A099-1ACFBD1C9E45}.Debug|Any CPU.Build.0 = Debug|Any CPU
		{53643C9D-A7F1-4F1B-A099-1ACFBD1C9E45}.Release|Any CPU.ActiveCfg = Release|Any CPU
		{53643C9D-A7F1-4F1B-A099-1ACFBD1C9E45}.Release|Any CPU.Build.0 = Release|Any CPU
		{F8B0B6D1-3C3F-476E-AC1D-4DEDE8D8CC0D}.Debug|Any CPU.ActiveCfg = Debug|Any CPU
		{F8B0B6D1-3C3F-476E-AC1D-4DEDE8D8CC0D}.Debug|Any CPU.Build.0 = Debug|Any CPU
		{F8B0B6D1-3C3F-476E-AC1D-4DEDE8D8CC0D}.Release|Any CPU.ActiveCfg = Debug|Any CPU
		{F8B0B6D1-3C3F-476E-AC1D-4DEDE8D8CC0D}.Release|Any CPU.Build.0 = Debug|Any CPU
	EndGlobalSection
	GlobalSection(SolutionProperties) = preSolution
		HideSolutionNode = FALSE
	EndGlobalSection
	GlobalSection(ExtensibilityGlobals) = postSolution
		SolutionGuid = {A3402E3C-D9E2-4033-A18F-02F7F061B30C}
	EndGlobalSection
EndGlobal
